
Microsoft Visual Studio Solution File, Format Version 12.00
# Visual Studio 14
VisualStudioVersion = 14.0.25420.1
MinimumVisualStudioVersion = 10.0.40219.1
Project("{FAE04EC0-301F-11D3-BF4B-00C04F79EFBC}") = "CamCore", "CamCore\CamCore.csproj", "{30AB90ED-775C-49E5-96A8-B419D08D2204}"
EndProject
Project("{FAE04EC0-301F-11D3-BF4B-00C04F79EFBC}") = "CamControls", "CamControls\CamControls.csproj", "{8FA0EA0F-DE8B-49A7-829B-9672CC61B11D}"
EndProject
Project("{FAE04EC0-301F-11D3-BF4B-00C04F79EFBC}") = "CalibrationModule", "CalibrationModule\CalibrationModule.csproj", "{D820C525-B2E9-4B55-B7A3-D76938DA5239}"
EndProject
Project("{FAE04EC0-301F-11D3-BF4B-00C04F79EFBC}") = "CamMain", "CamMain\CamMain.csproj", "{252716E3-A96E-4552-8750-4456F828F335}"
EndProject
Project("{FAE04EC0-301F-11D3-BF4B-00C04F79EFBC}") = "Image3DModule", "Image3DModule\Image3DModule.csproj", "{95811205-3C27-4E3A-89B6-0C8598779496}"
EndProject
Project("{FAE04EC0-301F-11D3-BF4B-00C04F79EFBC}") = "CamDX", "CamDX\CamDX.csproj", "{0F590AE5-D00F-4C9C-BBC0-6112B19F2EA5}"
EndProject
Project("{FAE04EC0-301F-11D3-BF4B-00C04F79EFBC}") = "CamDX.WPF", "CamDX.WPF\CamDX.WPF.csproj", "{085818D3-B666-4FBA-BF9E-4A32452624DB}"
EndProject
Project("{FAE04EC0-301F-11D3-BF4B-00C04F79EFBC}") = "DXTestModule", "DXTestModule\DXTestModule.csproj", "{076DA207-2CE2-42D8-AC13-5E77804559DA}"
EndProject
Project("{FAE04EC0-301F-11D3-BF4B-00C04F79EFBC}") = "CamImageProcessing", "CamImageProcessing\CamImageProcessing.csproj", "{3077792D-E973-4D3F-83C6-8553287A6604}"
EndProject
Project("{FAE04EC0-301F-11D3-BF4B-00C04F79EFBC}") = "CamCapture", "CamCapture\CamCapture.csproj", "{4A7A81A4-29AD-4B02-A40A-A425BF3D133E}"
EndProject
Project("{FAE04EC0-301F-11D3-BF4B-00C04F79EFBC}") = "CaptureTestModule", "CaptureTestModule\CaptureTestModule.csproj", "{D7EB4FEC-FFC9-4B78-A6B8-33D6AF071C7E}"
EndProject
Project("{FAE04EC0-301F-11D3-BF4B-00C04F79EFBC}") = "CamImageOperationsModule", "CamImageOperationsModule\CamImageOperationsModule.csproj", "{3D588C4A-259A-4E7D-A155-C2A96DF504C7}"
EndProject
Project("{FAE04EC0-301F-11D3-BF4B-00C04F79EFBC}") = "UnitTests", "UnitTestProject1\UnitTests.csproj", "{DFA5842E-EF98-497A-A922-5BAE02E83821}"
EndProject
Project("{FAE04EC0-301F-11D3-BF4B-00C04F79EFBC}") = "ImageMatchingModule", "ImageMatchingModule\ImageMatchingModule.csproj", "{092F0409-76D1-4858-B4D4-A78737BEBB6A}"
EndProject
Project("{FAE04EC0-301F-11D3-BF4B-00C04F79EFBC}") = "TriangulationModule", "TriangulationModule\TriangulationModule.csproj", "{F64005ED-2C17-4678-928F-5CD1B3BBE6BC}"
EndProject
Global
	GlobalSection(Performance) = preSolution
		HasPerformanceSessions = true
	EndGlobalSection
	GlobalSection(SolutionConfigurationPlatforms) = preSolution
		Debug|Any CPU = Debug|Any CPU
		Debug|x64 = Debug|x64
		Release|Any CPU = Release|Any CPU
		Release|x64 = Release|x64
	EndGlobalSection
	GlobalSection(ProjectConfigurationPlatforms) = postSolution
		{30AB90ED-775C-49E5-96A8-B419D08D2204}.Debug|Any CPU.ActiveCfg = Debug|Any CPU
		{30AB90ED-775C-49E5-96A8-B419D08D2204}.Debug|Any CPU.Build.0 = Debug|Any CPU
		{30AB90ED-775C-49E5-96A8-B419D08D2204}.Debug|x64.ActiveCfg = Debug|x64
		{30AB90ED-775C-49E5-96A8-B419D08D2204}.Debug|x64.Build.0 = Debug|x64
		{30AB90ED-775C-49E5-96A8-B419D08D2204}.Release|Any CPU.ActiveCfg = Release|Any CPU
		{30AB90ED-775C-49E5-96A8-B419D08D2204}.Release|Any CPU.Build.0 = Release|Any CPU
		{30AB90ED-775C-49E5-96A8-B419D08D2204}.Release|x64.ActiveCfg = Release|x64
		{30AB90ED-775C-49E5-96A8-B419D08D2204}.Release|x64.Build.0 = Release|x64
		{8FA0EA0F-DE8B-49A7-829B-9672CC61B11D}.Debug|Any CPU.ActiveCfg = Debug|Any CPU
		{8FA0EA0F-DE8B-49A7-829B-9672CC61B11D}.Debug|Any CPU.Build.0 = Debug|Any CPU
		{8FA0EA0F-DE8B-49A7-829B-9672CC61B11D}.Debug|x64.ActiveCfg = Debug|x64
		{8FA0EA0F-DE8B-49A7-829B-9672CC61B11D}.Debug|x64.Build.0 = Debug|x64
		{8FA0EA0F-DE8B-49A7-829B-9672CC61B11D}.Release|Any CPU.ActiveCfg = Release|Any CPU
		{8FA0EA0F-DE8B-49A7-829B-9672CC61B11D}.Release|Any CPU.Build.0 = Release|Any CPU
		{8FA0EA0F-DE8B-49A7-829B-9672CC61B11D}.Release|x64.ActiveCfg = Release|x64
		{8FA0EA0F-DE8B-49A7-829B-9672CC61B11D}.Release|x64.Build.0 = Release|x64
		{D820C525-B2E9-4B55-B7A3-D76938DA5239}.Debug|Any CPU.ActiveCfg = Debug|Any CPU
		{D820C525-B2E9-4B55-B7A3-D76938DA5239}.Debug|Any CPU.Build.0 = Debug|Any CPU
		{D820C525-B2E9-4B55-B7A3-D76938DA5239}.Debug|x64.ActiveCfg = Debug|x64
		{D820C525-B2E9-4B55-B7A3-D76938DA5239}.Debug|x64.Build.0 = Debug|x64
		{D820C525-B2E9-4B55-B7A3-D76938DA5239}.Release|Any CPU.ActiveCfg = Release|Any CPU
		{D820C525-B2E9-4B55-B7A3-D76938DA5239}.Release|Any CPU.Build.0 = Release|Any CPU
		{D820C525-B2E9-4B55-B7A3-D76938DA5239}.Release|x64.ActiveCfg = Release|x64
		{D820C525-B2E9-4B55-B7A3-D76938DA5239}.Release|x64.Build.0 = Release|x64
		{252716E3-A96E-4552-8750-4456F828F335}.Debug|Any CPU.ActiveCfg = Debug|Any CPU
		{252716E3-A96E-4552-8750-4456F828F335}.Debug|Any CPU.Build.0 = Debug|Any CPU
		{252716E3-A96E-4552-8750-4456F828F335}.Debug|x64.ActiveCfg = Debug|x64
		{252716E3-A96E-4552-8750-4456F828F335}.Debug|x64.Build.0 = Debug|x64
		{252716E3-A96E-4552-8750-4456F828F335}.Release|Any CPU.ActiveCfg = Release|Any CPU
		{252716E3-A96E-4552-8750-4456F828F335}.Release|Any CPU.Build.0 = Release|Any CPU
		{252716E3-A96E-4552-8750-4456F828F335}.Release|x64.ActiveCfg = Release|x64
		{252716E3-A96E-4552-8750-4456F828F335}.Release|x64.Build.0 = Release|x64
		{95811205-3C27-4E3A-89B6-0C8598779496}.Debug|Any CPU.ActiveCfg = Debug|Any CPU
		{95811205-3C27-4E3A-89B6-0C8598779496}.Debug|Any CPU.Build.0 = Debug|Any CPU
		{95811205-3C27-4E3A-89B6-0C8598779496}.Debug|x64.ActiveCfg = Debug|x64
		{95811205-3C27-4E3A-89B6-0C8598779496}.Debug|x64.Build.0 = Debug|x64
		{95811205-3C27-4E3A-89B6-0C8598779496}.Release|Any CPU.ActiveCfg = Release|Any CPU
		{95811205-3C27-4E3A-89B6-0C8598779496}.Release|Any CPU.Build.0 = Release|Any CPU
		{95811205-3C27-4E3A-89B6-0C8598779496}.Release|x64.ActiveCfg = Release|x64
		{95811205-3C27-4E3A-89B6-0C8598779496}.Release|x64.Build.0 = Release|x64
		{0F590AE5-D00F-4C9C-BBC0-6112B19F2EA5}.Debug|Any CPU.ActiveCfg = Debug|Any CPU
		{0F590AE5-D00F-4C9C-BBC0-6112B19F2EA5}.Debug|Any CPU.Build.0 = Debug|Any CPU
		{0F590AE5-D00F-4C9C-BBC0-6112B19F2EA5}.Debug|x64.ActiveCfg = Debug|x64
		{0F590AE5-D00F-4C9C-BBC0-6112B19F2EA5}.Debug|x64.Build.0 = Debug|x64
		{0F590AE5-D00F-4C9C-BBC0-6112B19F2EA5}.Release|Any CPU.ActiveCfg = Release|Any CPU
		{0F590AE5-D00F-4C9C-BBC0-6112B19F2EA5}.Release|Any CPU.Build.0 = Release|Any CPU
		{0F590AE5-D00F-4C9C-BBC0-6112B19F2EA5}.Release|x64.ActiveCfg = Release|x64
		{0F590AE5-D00F-4C9C-BBC0-6112B19F2EA5}.Release|x64.Build.0 = Release|x64
		{085818D3-B666-4FBA-BF9E-4A32452624DB}.Debug|Any CPU.ActiveCfg = Debug|Any CPU
		{085818D3-B666-4FBA-BF9E-4A32452624DB}.Debug|Any CPU.Build.0 = Debug|Any CPU
		{085818D3-B666-4FBA-BF9E-4A32452624DB}.Debug|x64.ActiveCfg = Debug|x64
		{085818D3-B666-4FBA-BF9E-4A32452624DB}.Debug|x64.Build.0 = Debug|x64
		{085818D3-B666-4FBA-BF9E-4A32452624DB}.Release|Any CPU.ActiveCfg = Release|Any CPU
		{085818D3-B666-4FBA-BF9E-4A32452624DB}.Release|Any CPU.Build.0 = Release|Any CPU
		{085818D3-B666-4FBA-BF9E-4A32452624DB}.Release|x64.ActiveCfg = Release|x64
		{085818D3-B666-4FBA-BF9E-4A32452624DB}.Release|x64.Build.0 = Release|x64
		{076DA207-2CE2-42D8-AC13-5E77804559DA}.Debug|Any CPU.ActiveCfg = Debug|Any CPU
		{076DA207-2CE2-42D8-AC13-5E77804559DA}.Debug|Any CPU.Build.0 = Debug|Any CPU
		{076DA207-2CE2-42D8-AC13-5E77804559DA}.Debug|x64.ActiveCfg = Debug|x64
		{076DA207-2CE2-42D8-AC13-5E77804559DA}.Debug|x64.Build.0 = Debug|x64
		{076DA207-2CE2-42D8-AC13-5E77804559DA}.Release|Any CPU.ActiveCfg = Release|Any CPU
		{076DA207-2CE2-42D8-AC13-5E77804559DA}.Release|Any CPU.Build.0 = Release|Any CPU
		{076DA207-2CE2-42D8-AC13-5E77804559DA}.Release|x64.ActiveCfg = Release|x64
		{076DA207-2CE2-42D8-AC13-5E77804559DA}.Release|x64.Build.0 = Release|x64
		{3077792D-E973-4D3F-83C6-8553287A6604}.Debug|Any CPU.ActiveCfg = Debug|Any CPU
		{3077792D-E973-4D3F-83C6-8553287A6604}.Debug|Any CPU.Build.0 = Debug|Any CPU
		{3077792D-E973-4D3F-83C6-8553287A6604}.Debug|x64.ActiveCfg = Debug|x64
		{3077792D-E973-4D3F-83C6-8553287A6604}.Debug|x64.Build.0 = Debug|x64
		{3077792D-E973-4D3F-83C6-8553287A6604}.Release|Any CPU.ActiveCfg = Release|Any CPU
		{3077792D-E973-4D3F-83C6-8553287A6604}.Release|Any CPU.Build.0 = Release|Any CPU
		{3077792D-E973-4D3F-83C6-8553287A6604}.Release|x64.ActiveCfg = Release|x64
		{3077792D-E973-4D3F-83C6-8553287A6604}.Release|x64.Build.0 = Release|x64
		{4A7A81A4-29AD-4B02-A40A-A425BF3D133E}.Debug|Any CPU.ActiveCfg = Debug|Any CPU
		{4A7A81A4-29AD-4B02-A40A-A425BF3D133E}.Debug|Any CPU.Build.0 = Debug|Any CPU
		{4A7A81A4-29AD-4B02-A40A-A425BF3D133E}.Debug|x64.ActiveCfg = Debug|x64
		{4A7A81A4-29AD-4B02-A40A-A425BF3D133E}.Debug|x64.Build.0 = Debug|x64
		{4A7A81A4-29AD-4B02-A40A-A425BF3D133E}.Release|Any CPU.ActiveCfg = Release|Any CPU
		{4A7A81A4-29AD-4B02-A40A-A425BF3D133E}.Release|Any CPU.Build.0 = Release|Any CPU
		{4A7A81A4-29AD-4B02-A40A-A425BF3D133E}.Release|x64.ActiveCfg = Release|x64
		{4A7A81A4-29AD-4B02-A40A-A425BF3D133E}.Release|x64.Build.0 = Release|x64
		{D7EB4FEC-FFC9-4B78-A6B8-33D6AF071C7E}.Debug|Any CPU.ActiveCfg = Debug|Any CPU
		{D7EB4FEC-FFC9-4B78-A6B8-33D6AF071C7E}.Debug|Any CPU.Build.0 = Debug|Any CPU
		{D7EB4FEC-FFC9-4B78-A6B8-33D6AF071C7E}.Debug|x64.ActiveCfg = Debug|x64
		{D7EB4FEC-FFC9-4B78-A6B8-33D6AF071C7E}.Debug|x64.Build.0 = Debug|x64
		{D7EB4FEC-FFC9-4B78-A6B8-33D6AF071C7E}.Release|Any CPU.ActiveCfg = Release|Any CPU
		{D7EB4FEC-FFC9-4B78-A6B8-33D6AF071C7E}.Release|Any CPU.Build.0 = Release|Any CPU
		{D7EB4FEC-FFC9-4B78-A6B8-33D6AF071C7E}.Release|x64.ActiveCfg = Release|x64
		{D7EB4FEC-FFC9-4B78-A6B8-33D6AF071C7E}.Release|x64.Build.0 = Release|x64
		{3D588C4A-259A-4E7D-A155-C2A96DF504C7}.Debug|Any CPU.ActiveCfg = Debug|Any CPU
		{3D588C4A-259A-4E7D-A155-C2A96DF504C7}.Debug|Any CPU.Build.0 = Debug|Any CPU
		{3D588C4A-259A-4E7D-A155-C2A96DF504C7}.Debug|x64.ActiveCfg = Debug|x64
		{3D588C4A-259A-4E7D-A155-C2A96DF504C7}.Debug|x64.Build.0 = Debug|x64
		{3D588C4A-259A-4E7D-A155-C2A96DF504C7}.Release|Any CPU.ActiveCfg = Release|Any CPU
		{3D588C4A-259A-4E7D-A155-C2A96DF504C7}.Release|Any CPU.Build.0 = Release|Any CPU
		{3D588C4A-259A-4E7D-A155-C2A96DF504C7}.Release|x64.ActiveCfg = Release|x64
		{3D588C4A-259A-4E7D-A155-C2A96DF504C7}.Release|x64.Build.0 = Release|x64
		{DFA5842E-EF98-497A-A922-5BAE02E83821}.Debug|Any CPU.ActiveCfg = Debug|Any CPU
		{DFA5842E-EF98-497A-A922-5BAE02E83821}.Debug|Any CPU.Build.0 = Debug|Any CPU
		{DFA5842E-EF98-497A-A922-5BAE02E83821}.Debug|x64.ActiveCfg = Debug|x64
		{DFA5842E-EF98-497A-A922-5BAE02E83821}.Debug|x64.Build.0 = Debug|x64
		{DFA5842E-EF98-497A-A922-5BAE02E83821}.Release|Any CPU.ActiveCfg = Release|Any CPU
		{DFA5842E-EF98-497A-A922-5BAE02E83821}.Release|Any CPU.Build.0 = Release|Any CPU
		{DFA5842E-EF98-497A-A922-5BAE02E83821}.Release|x64.ActiveCfg = Release|x64
		{DFA5842E-EF98-497A-A922-5BAE02E83821}.Release|x64.Build.0 = Release|x64
		{092F0409-76D1-4858-B4D4-A78737BEBB6A}.Debug|Any CPU.ActiveCfg = Debug|Any CPU
		{092F0409-76D1-4858-B4D4-A78737BEBB6A}.Debug|Any CPU.Build.0 = Debug|Any CPU
		{092F0409-76D1-4858-B4D4-A78737BEBB6A}.Debug|x64.ActiveCfg = Debug|x64
		{092F0409-76D1-4858-B4D4-A78737BEBB6A}.Debug|x64.Build.0 = Debug|x64
		{092F0409-76D1-4858-B4D4-A78737BEBB6A}.Release|Any CPU.ActiveCfg = Release|Any CPU
		{092F0409-76D1-4858-B4D4-A78737BEBB6A}.Release|Any CPU.Build.0 = Release|Any CPU
		{092F0409-76D1-4858-B4D4-A78737BEBB6A}.Release|x64.ActiveCfg = Release|x64
		{092F0409-76D1-4858-B4D4-A78737BEBB6A}.Release|x64.Build.0 = Release|x64
		{F64005ED-2C17-4678-928F-5CD1B3BBE6BC}.Debug|Any CPU.ActiveCfg = Debug|Any CPU
		{F64005ED-2C17-4678-928F-5CD1B3BBE6BC}.Debug|Any CPU.Build.0 = Debug|Any CPU
		{F64005ED-2C17-4678-928F-5CD1B3BBE6BC}.Debug|x64.ActiveCfg = Debug|x64
		{F64005ED-2C17-4678-928F-5CD1B3BBE6BC}.Debug|x64.Build.0 = Debug|x64
		{F64005ED-2C17-4678-928F-5CD1B3BBE6BC}.Release|Any CPU.ActiveCfg = Release|Any CPU
		{F64005ED-2C17-4678-928F-5CD1B3BBE6BC}.Release|Any CPU.Build.0 = Release|Any CPU
		{F64005ED-2C17-4678-928F-5CD1B3BBE6BC}.Release|x64.ActiveCfg = Release|x64
		{F64005ED-2C17-4678-928F-5CD1B3BBE6BC}.Release|x64.Build.0 = Release|x64
	EndGlobalSection
	GlobalSection(SolutionProperties) = preSolution
		HideSolutionNode = FALSE
	EndGlobalSection
EndGlobal
